acvp_ml_kem_768_keygen.json  d7a62a2c3476957f56dd8d24f9004ea6776ccfe995ffe71a65bb9506dc9c7b1b
acvp_ml_kem_768_encapdecap.json  a556952ce869bb89c3a3196a701dad89647c193a34c86eafb61a9d710d5b810f
acvp_ml_dsa_65_keygen.json  e67ee6540d40e11506c3c4e3b1f79fc1cefcd49820db99fc61f87cc8ba463baf
acvp_ml_dsa_65_sigver.json  47cdd6314c7f746d02421ffcba89d4dbc7bb875ac49e07a029fdfc26fba55437
wycheproof_mlkem_768_test.json  c2bc0264a150c3a4399da72701d154672e9f708420cff8f01340ef0b1f17f4f7
wycheproof_mldsa_65_verify_test.json  5b3ac930c9a38cbfc672cb85eed5ff0db8fcc2c0ac0541821b7d3247bb3956c0
wycheproof_mldsa_44_verify_test.json  5ec04790c240c443ca8b662b8fc871834602c7cce87fcd36a193110745b2b9ea
